
Microsoft Visual Studio Solution File, Format Version 11.00
# Visual Studio 2010
Project("{FAE04EC0-301F-11D3-BF4B-00C04F79EFBC}") = "Miku.Client", "Miku\Miku.Client.csproj", "{5F32FDB4-4883-462E-9A35-04D7A126FA97}"
EndProject
Project("{FAE04EC0-301F-11D3-BF4B-00C04F79EFBC}") = "WindowsApiLib", "WindowsApiLib\WindowsApiLib.csproj", "{8C179936-F158-4830-A116-212C7D0E09C2}"
EndProject
Project("{54435603-DBB4-11D2-8724-00A0C9A8B90C}") = "MikuSetup", "MikuSetup\MikuSetup.vdproj", "{3EF8DD66-C75E-4CBF-9E6E-7DF58E35ED20}"
EndProject
Project("{FAE04EC0-301F-11D3-BF4B-00C04F79EFBC}") = "Miku.DAL.Test", "Miku.Test\Miku.DAL.Test.csproj", "{936B5DC1-29B0-4042-B907-1D725358157F}"
EndProject
Project("{2150E333-8FDC-42A3-9474-1A3956D46DE8}") = "Solution Items", "Solution Items", "{63FDEEE9-203B-47D9-88ED-875534D7372D}"
	ProjectSection(SolutionItems) = preProject
		Local.testsettings = Local.testsettings
		Miku1.vsmdi = Miku1.vsmdi
		TraceAndTestImpact.testsettings = TraceAndTestImpact.testsettings
	EndProjectSection
EndProject
Project("{FAE04EC0-301F-11D3-BF4B-00C04F79EFBC}") = "Miku.DAL", "Miku.DAL\Miku.DAL.csproj", "{40401A6C-E1B7-4D2C-A71F-B34804C5042C}"
EndProject
Project("{FAE04EC0-301F-11D3-BF4B-00C04F79EFBC}") = "Miku.Core.Communication", "Miku.Core.Commuication\Miku.Core.Communication.csproj", "{CCB612C1-3FB5-488A-96D5-09AD929FAEAC}"
EndProject
Project("{FAE04EC0-301F-11D3-BF4B-00C04F79EFBC}") = "Miku.Server", "Miku.Server\Miku.Server.csproj", "{076B07A8-1919-43AF-AE1C-5E53588A01AA}"
EndProject
Project("{FAE04EC0-301F-11D3-BF4B-00C04F79EFBC}") = "CustomNotifyIcon", "CustomNotifyIcon\CustomNotifyIcon.csproj", "{3BD7F538-B389-4668-84BB-79FBEB26B6EF}"
EndProject
Global
	GlobalSection(TeamFoundationVersionControl) = preSolution
		SccNumberOfProjects = 8
		SccEnterpriseProvider = {4CA58AB2-18FA-4F8D-95D4-32DDF27D184C}
		SccTeamFoundationServer = http://gh-pc:8080/tfs/winform
		SccLocalPath0 = .
		SccProjectUniqueName1 = WindowsApiLib\\WindowsApiLib.csproj
		SccProjectName1 = WindowsApiLib
		SccLocalPath1 = WindowsApiLib
		SccProjectUniqueName2 = MikuSetup\\MikuSetup.vdproj
		SccProjectName2 = MikuSetup
		SccLocalPath2 = MikuSetup
		SccProjectUniqueName3 = Miku.Test\\Miku.DAL.Test.csproj
		SccProjectName3 = Miku.Test
		SccLocalPath3 = Miku.Test
		SccProjectUniqueName4 = Miku\\Miku.Client.csproj
		SccProjectName4 = Miku
		SccLocalPath4 = Miku
		SccProjectUniqueName5 = Miku.DAL\\Miku.DAL.csproj
		SccProjectName5 = Miku.DAL
		SccLocalPath5 = Miku.DAL
		SccProjectUniqueName6 = Miku.Server\\Miku.Server.csproj
		SccProjectName6 = Miku.Server
		SccLocalPath6 = Miku.Server
		SccProjectUniqueName7 = Miku.Core.Commuication\\Miku.Core.Communication.csproj
		SccProjectName7 = Miku.Core.Commuication
		SccLocalPath7 = Miku.Core.Commuication
	EndGlobalSection
	GlobalSection(TestCaseManagementSettings) = postSolution
		CategoryFile = Miku1.vsmdi
	EndGlobalSection
	GlobalSection(SolutionConfigurationPlatforms) = preSolution
		Debug|Any CPU = Debug|Any CPU
		Debug|Mixed Platforms = Debug|Mixed Platforms
		Debug|x86 = Debug|x86
		Release|Any CPU = Release|Any CPU
		Release|Mixed Platforms = Release|Mixed Platforms
		Release|x86 = Release|x86
	EndGlobalSection
	GlobalSection(ProjectConfigurationPlatforms) = postSolution
		{5F32FDB4-4883-462E-9A35-04D7A126FA97}.Debug|Any CPU.ActiveCfg = Debug|x86
		{5F32FDB4-4883-462E-9A35-04D7A126FA97}.Debug|Mixed Platforms.ActiveCfg = Debug|x86
		{5F32FDB4-4883-462E-9A35-04D7A126FA97}.Debug|Mixed Platforms.Build.0 = Debug|x86
		{5F32FDB4-4883-462E-9A35-04D7A126FA97}.Debug|x86.ActiveCfg = Debug|x86
		{5F32FDB4-4883-462E-9A35-04D7A126FA97}.Debug|x86.Build.0 = Debug|x86
		{5F32FDB4-4883-462E-9A35-04D7A126FA97}.Release|Any CPU.ActiveCfg = Release|x86
		{5F32FDB4-4883-462E-9A35-04D7A126FA97}.Release|Mixed Platforms.ActiveCfg = Release|x86
		{5F32FDB4-4883-462E-9A35-04D7A126FA97}.Release|Mixed Platforms.Build.0 = Release|x86
		{5F32FDB4-4883-462E-9A35-04D7A126FA97}.Release|x86.ActiveCfg = Release|x86
		{5F32FDB4-4883-462E-9A35-04D7A126FA97}.Release|x86.Build.0 = Release|x86
		{8C179936-F158-4830-A116-212C7D0E09C2}.Debug|Any CPU.ActiveCfg = Debug|Any CPU
		{8C179936-F158-4830-A116-212C7D0E09C2}.Debug|Any CPU.Build.0 = Debug|Any CPU
		{8C179936-F158-4830-A116-212C7D0E09C2}.Debug|Mixed Platforms.ActiveCfg = Debug|Any CPU
		{8C179936-F158-4830-A116-212C7D0E09C2}.Debug|x86.ActiveCfg = Debug|Any CPU
		{8C179936-F158-4830-A116-212C7D0E09C2}.Release|Any CPU.ActiveCfg = Release|Any CPU
		{8C179936-F158-4830-A116-212C7D0E09C2}.Release|Any CPU.Build.0 = Release|Any CPU
		{8C179936-F158-4830-A116-212C7D0E09C2}.Release|Mixed Platforms.ActiveCfg = Release|Any CPU
		{8C179936-F158-4830-A116-212C7D0E09C2}.Release|Mixed Platforms.Build.0 = Release|Any CPU
		{8C179936-F158-4830-A116-212C7D0E09C2}.Release|x86.ActiveCfg = Release|Any CPU
		{3EF8DD66-C75E-4CBF-9E6E-7DF58E35ED20}.Debug|Any CPU.ActiveCfg = Debug
		{3EF8DD66-C75E-4CBF-9E6E-7DF58E35ED20}.Debug|Mixed Platforms.ActiveCfg = Debug
		{3EF8DD66-C75E-4CBF-9E6E-7DF58E35ED20}.Debug|x86.ActiveCfg = Debug
		{3EF8DD66-C75E-4CBF-9E6E-7DF58E35ED20}.Release|Any CPU.ActiveCfg = Release
		{3EF8DD66-C75E-4CBF-9E6E-7DF58E35ED20}.Release|Mixed Platforms.ActiveCfg = Release
		{3EF8DD66-C75E-4CBF-9E6E-7DF58E35ED20}.Release|x86.ActiveCfg = Release
		{936B5DC1-29B0-4042-B907-1D725358157F}.Debug|Any CPU.ActiveCfg = Debug|Any CPU
		{936B5DC1-29B0-4042-B907-1D725358157F}.Debug|Any CPU.Build.0 = Debug|Any CPU
		{936B5DC1-29B0-4042-B907-1D725358157F}.Debug|Mixed Platforms.ActiveCfg = Debug|Any CPU
		{936B5DC1-29B0-4042-B907-1D725358157F}.Debug|x86.ActiveCfg = Debug|Any CPU
		{936B5DC1-29B0-4042-B907-1D725358157F}.Release|Any CPU.ActiveCfg = Release|Any CPU
		{936B5DC1-29B0-4042-B907-1D725358157F}.Release|Any CPU.Build.0 = Release|Any CPU
		{936B5DC1-29B0-4042-B907-1D725358157F}.Release|Mixed Platforms.ActiveCfg = Release|Any CPU
		{936B5DC1-29B0-4042-B907-1D725358157F}.Release|Mixed Platforms.Build.0 = Release|Any CPU
		{936B5DC1-29B0-4042-B907-1D725358157F}.Release|x86.ActiveCfg = Release|Any CPU
		{40401A6C-E1B7-4D2C-A71F-B34804C5042C}.Debug|Any CPU.ActiveCfg = Debug|Any CPU
		{40401A6C-E1B7-4D2C-A71F-B34804C5042C}.Debug|Any CPU.Build.0 = Debug|Any CPU
		{40401A6C-E1B7-4D2C-A71F-B34804C5042C}.Debug|Mixed Platforms.ActiveCfg = Debug|Any CPU
		{40401A6C-E1B7-4D2C-A71F-B34804C5042C}.Debug|x86.ActiveCfg = Debug|Any CPU
		{40401A6C-E1B7-4D2C-A71F-B34804C5042C}.Release|Any CPU.ActiveCfg = Release|Any CPU
		{40401A6C-E1B7-4D2C-A71F-B34804C5042C}.Release|Any CPU.Build.0 = Release|Any CPU
		{40401A6C-E1B7-4D2C-A71F-B34804C5042C}.Release|Mixed Platforms.ActiveCfg = Release|Any CPU
		{40401A6C-E1B7-4D2C-A71F-B34804C5042C}.Release|Mixed Platforms.Build.0 = Release|Any CPU
		{40401A6C-E1B7-4D2C-A71F-B34804C5042C}.Release|x86.ActiveCfg = Release|Any CPU
		{CCB612C1-3FB5-488A-96D5-09AD929FAEAC}.Debug|Any CPU.ActiveCfg = Debug|Any CPU
		{CCB612C1-3FB5-488A-96D5-09AD929FAEAC}.Debug|Any CPU.Build.0 = Debug|Any CPU
		{CCB612C1-3FB5-488A-96D5-09AD929FAEAC}.Debug|Mixed Platforms.ActiveCfg = Debug|Any CPU
		{CCB612C1-3FB5-488A-96D5-09AD929FAEAC}.Debug|x86.ActiveCfg = Debug|Any CPU
		{CCB612C1-3FB5-488A-96D5-09AD929FAEAC}.Release|Any CPU.ActiveCfg = Release|Any CPU
		{CCB612C1-3FB5-488A-96D5-09AD929FAEAC}.Release|Any CPU.Build.0 = Release|Any CPU
		{CCB612C1-3FB5-488A-96D5-09AD929FAEAC}.Release|Mixed Platforms.ActiveCfg = Release|Any CPU
		{CCB612C1-3FB5-488A-96D5-09AD929FAEAC}.Release|Mixed Platforms.Build.0 = Release|Any CPU
		{CCB612C1-3FB5-488A-96D5-09AD929FAEAC}.Release|x86.ActiveCfg = Release|Any CPU
		{076B07A8-1919-43AF-AE1C-5E53588A01AA}.Debug|Any CPU.ActiveCfg = Debug|x86
		{076B07A8-1919-43AF-AE1C-5E53588A01AA}.Debug|Mixed Platforms.ActiveCfg = Debug|x86
		{076B07A8-1919-43AF-AE1C-5E53588A01AA}.Debug|x86.ActiveCfg = Debug|x86
		{076B07A8-1919-43AF-AE1C-5E53588A01AA}.Debug|x86.Build.0 = Debug|x86
		{076B07A8-1919-43AF-AE1C-5E53588A01AA}.Release|Any CPU.ActiveCfg = Release|x86
		{076B07A8-1919-43AF-AE1C-5E53588A01AA}.Release|Mixed Platforms.ActiveCfg = Release|x86
		{076B07A8-1919-43AF-AE1C-5E53588A01AA}.Release|Mixed Platforms.Build.0 = Release|x86
		{076B07A8-1919-43AF-AE1C-5E53588A01AA}.Release|x86.ActiveCfg = Release|x86
		{076B07A8-1919-43AF-AE1C-5E53588A01AA}.Release|x86.Build.0 = Release|x86
		{3BD7F538-B389-4668-84BB-79FBEB26B6EF}.Debug|Any CPU.ActiveCfg = Debug|Any CPU
		{3BD7F538-B389-4668-84BB-79FBEB26B6EF}.Debug|Any CPU.Build.0 = Debug|Any CPU
		{3BD7F538-B389-4668-84BB-79FBEB26B6EF}.Debug|Mixed Platforms.ActiveCfg = Debug|Any CPU
		{3BD7F538-B389-4668-84BB-79FBEB26B6EF}.Debug|x86.ActiveCfg = Debug|Any CPU
		{3BD7F538-B389-4668-84BB-79FBEB26B6EF}.Release|Any CPU.ActiveCfg = Release|Any CPU
		{3BD7F538-B389-4668-84BB-79FBEB26B6EF}.Release|Any CPU.Build.0 = Release|Any CPU
		{3BD7F538-B389-4668-84BB-79FBEB26B6EF}.Release|Mixed Platforms.ActiveCfg = Release|Any CPU
		{3BD7F538-B389-4668-84BB-79FBEB26B6EF}.Release|Mixed Platforms.Build.0 = Release|Any CPU
		{3BD7F538-B389-4668-84BB-79FBEB26B6EF}.Release|x86.ActiveCfg = Release|Any CPU
	EndGlobalSection
	GlobalSection(SolutionProperties) = preSolution
		HideSolutionNode = FALSE
	EndGlobalSection
	GlobalSection(NestedProjects) = preSolution
		{3BD7F538-B389-4668-84BB-79FBEB26B6EF} = {63FDEEE9-203B-47D9-88ED-875534D7372D}
	EndGlobalSection
EndGlobal
